{
  "name": "admin-dashboard-odin",
  "lockfileVersion": 2,
  "requires": true,
  "packages": {
    "": {
      "dependencies": {
        "@mdi/font": "^6.8.96"
      }
    },
    "node_modules/@mdi/font": {
      "version": "6.8.96",
      "resolved": "https://registry.npmjs.org/@mdi/font/-/font-6.8.96.tgz",
      "integrity": "sha512-SXNgfE9BdaaKZOJjb9vDhXbJOWJD8Zjqjf352dcFzOkPnBR9piVAvIH7ZtG08B2DI1l4swe7m9F2aPGmH1X20g=="
    }
  },
  "dependencies": {
    "@mdi/font": {
      "version": "6.8.96",
      "resolved": "https://registry.npmjs.org/@mdi/font/-/font-6.8.96.tgz",
      "integrity": "sha512-SXNgfE9BdaaKZOJjb9vDhXbJOWJD8Zjqjf352dcFzOkPnBR9piVAvIH7ZtG08B2DI1l4swe7m9F2aPGmH1X20g=="
    }
  }
}
